
Microsoft Visual Studio Solution File, Format Version 12.00
# Visual Studio 15
VisualStudioVersion = 15.0.28010.2050
MinimumVisualStudioVersion = 10.0.40219.1
Project("{FAE04EC0-301F-11D3-BF4B-00C04F79EFBC}") = "PowerAnalysis", "WindowsFormsApp1\PowerAnalysis.csproj", "{3FEFBD2D-EDBC-4539-8DD8-00527C99FA8F}"
EndProject
Global
	GlobalSection(SolutionConfigurationPlatforms) = preSolution
		Debug|Any CPU = Debug|Any CPU
		Release|Any CPU = Release|Any CPU
	EndGlobalSection
	GlobalSection(ProjectConfigurationPlatforms) = postSolution
		{3FEFBD2D-EDBC-4539-8DD8-00527C99FA8F}.Debug|Any CPU.ActiveCfg = Debug|Any CPU
		{3FEFBD2D-EDBC-4539-8DD8-00527C99FA8F}.Debug|Any CPU.Build.0 = Debug|Any CPU
		{3FEFBD2D-EDBC-4539-8DD8-00527C99FA8F}.Release|Any CPU.ActiveCfg = Release|Any CPU
		{3FEFBD2D-EDBC-4539-8DD8-00527C99FA8F}.Release|Any CPU.Build.0 = Release|Any CPU
	EndGlobalSection
	GlobalSection(SolutionProperties) = preSolution
		HideSolutionNode = FALSE
	EndGlobalSection
	GlobalSection(ExtensibilityGlobals) = postSolution
		SolutionGuid = {D39E362D-3BC0-40E8-932D-E3B339EBA80E}
	EndGlobalSection
EndGlobal
